
Microsoft Visual Studio Solution File, Format Version 12.00
# Visual Studio Version 16
VisualStudioVersion = 16.0.31205.134
MinimumVisualStudioVersion = 10.0.40219.1
Project("{FAE04EC0-301F-11D3-BF4B-00C04F79EFBC}") = "IventarioDeRecursos", "IventarioDeRecursos\IventarioDeRecursos.csproj", "{31D619D0-2EAA-4BA7-8C8F-675E435D2046}"
EndProject
Global
	GlobalSection(SolutionConfigurationPlatforms) = preSolution
		Debug|Any CPU = Debug|Any CPU
		Release|Any CPU = Release|Any CPU
	EndGlobalSection
	GlobalSection(ProjectConfigurationPlatforms) = postSolution
		{31D619D0-2EAA-4BA7-8C8F-675E435D2046}.Debug|Any CPU.ActiveCfg = Debug|Any CPU
		{31D619D0-2EAA-4BA7-8C8F-675E435D2046}.Debug|Any CPU.Build.0 = Debug|Any CPU
		{31D619D0-2EAA-4BA7-8C8F-675E435D2046}.Release|Any CPU.ActiveCfg = Release|Any CPU
		{31D619D0-2EAA-4BA7-8C8F-675E435D2046}.Release|Any CPU.Build.0 = Release|Any CPU
	EndGlobalSection
	GlobalSection(SolutionProperties) = preSolution
		HideSolutionNode = FALSE
	EndGlobalSection
	GlobalSection(ExtensibilityGlobals) = postSolution
		SolutionGuid = {72E7FA3E-0BFB-4A7E-8352-387B9FAC3CEF}
	EndGlobalSection
EndGlobal
